{
  "originHash" : "3d7911c7bc54ed57cca5ea135e082dd191bc071f579d3b7c7b7a63205090b4c8",
  "pins" : [
    {
      "identity" : "maplibre-gl-native-distribution",
      "kind" : "remoteSourceControl",
      "location" : "https://github.com/maplibre/maplibre-gl-native-distribution",
      "state" : {
        "revision" : "be0696007ca8b350faa0e5968c0d6397d59db415",
        "version" : "6.26.0"
      }
    },
    {
      "identity" : "rxauthswift",
      "kind" : "remoteSourceControl",
      "location" : "https://github.com/rxtech-lab/RxAuthSwift",
      "state" : {
        "branch" : "main",
        "revision" : "af111a0fa7bdce6f9b53f4525df73a98d94e764e"
      }
    },
    {
      "identity" : "swift-collections",
      "kind" : "remoteSourceControl",
      "location" : "https://github.com/apple/swift-collections",
      "state" : {
        "revision" : "a0cb0954ecb21e4e31b0070e6ed5674e8556685a",
        "version" : "1.6.0"
      }
    },
    {
      "identity" : "swift-json-schema",
      "kind" : "remoteSourceControl",
      "location" : "https://github.com/sirily11/swift-json-schema",
      "state" : {
        "revision" : "663afab8c131151950fd7fb114871c02a529a4b4",
        "version" : "1.0.2"
      }
    },
    {
      "identity" : "swift-jsonschema-form",
      "kind" : "remoteSourceControl",
      "location" : "https://github.com/sirily11/swift-jsonschema-form.git",
      "state" : {
        "branch" : "main",
        "revision" : "ef60305109d6b7ac95a34083bf0f4fe3381ed458"
      }
    },
    {
      "identity" : "swift-log",
      "kind" : "remoteSourceControl",
      "location" : "https://github.com/apple/swift-log.git",
      "state" : {
        "revision" : "a878e7f8f46cfc0e1125e565b5c08e7d5272dc9a",
        "version" : "1.14.0"
      }
    },
    {
      "identity" : "swiftlintplugins",
      "kind" : "remoteSourceControl",
      "location" : "https://github.com/SimplyDanny/SwiftLintPlugins",
      "state" : {
        "revision" : "3292bab28e6e92000161348003fdef8edc4e582d",
        "version" : "0.65.0"
      }
    }
  ],
  "version" : 3
}
